
Microsoft Visual Studio Solution File, Format Version 12.00
# Visual Studio 15
VisualStudioVersion = 15.0.28307.489
MinimumVisualStudioVersion = 10.0.40219.1
Project("{FAE04EC0-301F-11D3-BF4B-00C04F79EFBC}") = "YoutubeDownloader", "YoutubeDownloader\YoutubeDownloader.csproj", "{1AF78E4F-FD8E-4D63-B6BB-D257DC95C9DD}"
EndProject
Global
	GlobalSection(SolutionConfigurationPlatforms) = preSolution
		Debug|Any CPU = Debug|Any CPU
		Release|Any CPU = Release|Any CPU
	EndGlobalSection
	GlobalSection(ProjectConfigurationPlatforms) = postSolution
		{1AF78E4F-FD8E-4D63-B6BB-D257DC95C9DD}.Debug|Any CPU.ActiveCfg = Debug|Any CPU
		{1AF78E4F-FD8E-4D63-B6BB-D257DC95C9DD}.Debug|Any CPU.Build.0 = Debug|Any CPU
		{1AF78E4F-FD8E-4D63-B6BB-D257DC95C9DD}.Release|Any CPU.ActiveCfg = Release|Any CPU
		{1AF78E4F-FD8E-4D63-B6BB-D257DC95C9DD}.Release|Any CPU.Build.0 = Release|Any CPU
	EndGlobalSection
	GlobalSection(SolutionProperties) = preSolution
		HideSolutionNode = FALSE
	EndGlobalSection
	GlobalSection(ExtensibilityGlobals) = postSolution
		SolutionGuid = {3E716BD9-205B-4E3F-9EE8-2EC05790D643}
	EndGlobalSection
EndGlobal
